
Microsoft Visual Studio Solution File, Format Version 12.00
# Visual Studio Version 17
VisualStudioVersion = 17.0.32014.148
MinimumVisualStudioVersion = 10.0.40219.1
Project("{9A19103F-16F7-4668-BE54-9A1E7A4F7556}") = "CarRental.Entities", "CarRental.Entities\CarRental.Entities.csproj", "{28F627DB-9DC4-40F3-8397-D3BF80C375A6}"
EndProject
Project("{9A19103F-16F7-4668-BE54-9A1E7A4F7556}") = "CarRental.DataAccess", "CarRental.DataAccess\CarRental.DataAccess.csproj", "{F74BCF2F-4BDF-4DFF-B942-694D5217DB36}"
EndProject
Project("{9A19103F-16F7-4668-BE54-9A1E7A4F7556}") = "CarRental.Business", "CarRental.Business\CarRental.Business.csproj", "{BE2B284C-97DE-4A00-A316-84A97C821550}"
EndProject
Project("{FAE04EC0-301F-11D3-BF4B-00C04F79EFBC}") = "CarRental.Core", "CarRental.Core\CarRental.Core.csproj", "{168E783F-B459-4B59-8B74-F168FEB85F91}"
EndProject
Global
	GlobalSection(SolutionConfigurationPlatforms) = preSolution
		Debug|Any CPU = Debug|Any CPU
		Release|Any CPU = Release|Any CPU
	EndGlobalSection
	GlobalSection(ProjectConfigurationPlatforms) = postSolution
		{28F627DB-9DC4-40F3-8397-D3BF80C375A6}.Debug|Any CPU.ActiveCfg = Debug|Any CPU
		{28F627DB-9DC4-40F3-8397-D3BF80C375A6}.Debug|Any CPU.Build.0 = Debug|Any CPU
		{28F627DB-9DC4-40F3-8397-D3BF80C375A6}.Release|Any CPU.ActiveCfg = Release|Any CPU
		{28F627DB-9DC4-40F3-8397-D3BF80C375A6}.Release|Any CPU.Build.0 = Release|Any CPU
		{F74BCF2F-4BDF-4DFF-B942-694D5217DB36}.Debug|Any CPU.ActiveCfg = Debug|Any CPU
		{F74BCF2F-4BDF-4DFF-B942-694D5217DB36}.Debug|Any CPU.Build.0 = Debug|Any CPU
		{F74BCF2F-4BDF-4DFF-B942-694D5217DB36}.Release|Any CPU.ActiveCfg = Release|Any CPU
		{F74BCF2F-4BDF-4DFF-B942-694D5217DB36}.Release|Any CPU.Build.0 = Release|Any CPU
		{BE2B284C-97DE-4A00-A316-84A97C821550}.Debug|Any CPU.ActiveCfg = Debug|Any CPU
		{BE2B284C-97DE-4A00-A316-84A97C821550}.Debug|Any CPU.Build.0 = Debug|Any CPU
		{BE2B284C-97DE-4A00-A316-84A97C821550}.Release|Any CPU.ActiveCfg = Release|Any CPU
		{BE2B284C-97DE-4A00-A316-84A97C821550}.Release|Any CPU.Build.0 = Release|Any CPU
		{168E783F-B459-4B59-8B74-F168FEB85F91}.Debug|Any CPU.ActiveCfg = Debug|Any CPU
		{168E783F-B459-4B59-8B74-F168FEB85F91}.Debug|Any CPU.Build.0 = Debug|Any CPU
		{168E783F-B459-4B59-8B74-F168FEB85F91}.Release|Any CPU.ActiveCfg = Release|Any CPU
		{168E783F-B459-4B59-8B74-F168FEB85F91}.Release|Any CPU.Build.0 = Release|Any CPU
	EndGlobalSection
	GlobalSection(SolutionProperties) = preSolution
		HideSolutionNode = FALSE
	EndGlobalSection
	GlobalSection(ExtensibilityGlobals) = postSolution
		SolutionGuid = {4CBAB0FC-3154-4202-8D96-DC4968604B1F}
	EndGlobalSection
EndGlobal
